
Microsoft Visual Studio Solution File, Format Version 12.00
# Visual Studio Version 17
VisualStudioVersion = 17.8.34330.188
MinimumVisualStudioVersion = 10.0.40219.1
Project("{FAE04EC0-301F-11D3-BF4B-00C04F79EFBC}") = "cadastropessoa", "cadastropessoa\cadastropessoa.csproj", "{AE8688BD-C3BD-457B-81EB-3DEF7B982021}"
EndProject
Project("{FAE04EC0-301F-11D3-BF4B-00C04F79EFBC}") = "cadastropessoa.Client", "cadastropessoa.Client\cadastropessoa.Client.csproj", "{9A8C8A54-92DB-448C-BB79-6402463203FC}"
EndProject
Global
	GlobalSection(SolutionConfigurationPlatforms) = preSolution
		Debug|Any CPU = Debug|Any CPU
		Release|Any CPU = Release|Any CPU
	EndGlobalSection
	GlobalSection(ProjectConfigurationPlatforms) = postSolution
		{AE8688BD-C3BD-457B-81EB-3DEF7B982021}.Debug|Any CPU.ActiveCfg = Debug|Any CPU
		{AE8688BD-C3BD-457B-81EB-3DEF7B982021}.Debug|Any CPU.Build.0 = Debug|Any CPU
		{AE8688BD-C3BD-457B-81EB-3DEF7B982021}.Release|Any CPU.ActiveCfg = Release|Any CPU
		{AE8688BD-C3BD-457B-81EB-3DEF7B982021}.Release|Any CPU.Build.0 = Release|Any CPU
		{9A8C8A54-92DB-448C-BB79-6402463203FC}.Debug|Any CPU.ActiveCfg = Debug|Any CPU
		{9A8C8A54-92DB-448C-BB79-6402463203FC}.Debug|Any CPU.Build.0 = Debug|Any CPU
		{9A8C8A54-92DB-448C-BB79-6402463203FC}.Release|Any CPU.ActiveCfg = Release|Any CPU
		{9A8C8A54-92DB-448C-BB79-6402463203FC}.Release|Any CPU.Build.0 = Release|Any CPU
	EndGlobalSection
	GlobalSection(SolutionProperties) = preSolution
		HideSolutionNode = FALSE
	EndGlobalSection
	GlobalSection(ExtensibilityGlobals) = postSolution
		SolutionGuid = {8BFD5743-B2C9-4325-9C36-02365DC85621}
	EndGlobalSection
EndGlobal
